
Microsoft Visual Studio Solution File, Format Version 12.00
# Visual Studio Version 17
VisualStudioVersion = 17.10.34928.147
MinimumVisualStudioVersion = 10.0.40219.1
Project("{FAE04EC0-301F-11D3-BF4B-00C04F79EFBC}") = "WorkerAdminPortal", "WorkerAdminPortal\WorkerAdminPortal.csproj", "{C7423499-ECF3-44CB-A26B-9F2BD11E9F11}"
EndProject
Global
	GlobalSection(SolutionConfigurationPlatforms) = preSolution
		Debug|Any CPU = Debug|Any CPU
		Release|Any CPU = Release|Any CPU
	EndGlobalSection
	GlobalSection(ProjectConfigurationPlatforms) = postSolution
		{C7423499-ECF3-44CB-A26B-9F2BD11E9F11}.Debug|Any CPU.ActiveCfg = Debug|Any CPU
		{C7423499-ECF3-44CB-A26B-9F2BD11E9F11}.Debug|Any CPU.Build.0 = Debug|Any CPU
		{C7423499-ECF3-44CB-A26B-9F2BD11E9F11}.Release|Any CPU.ActiveCfg = Release|Any CPU
		{C7423499-ECF3-44CB-A26B-9F2BD11E9F11}.Release|Any CPU.Build.0 = Release|Any CPU
	EndGlobalSection
	GlobalSection(SolutionProperties) = preSolution
		HideSolutionNode = FALSE
	EndGlobalSection
	GlobalSection(ExtensibilityGlobals) = postSolution
		SolutionGuid = {BACA9521-91EB-46F6-96A0-85892682174F}
	EndGlobalSection
EndGlobal
